
Microsoft Visual Studio Solution File, Format Version 12.00
# Visual Studio Version 16
VisualStudioVersion = 16.0.30225.117
MinimumVisualStudioVersion = 10.0.40219.1
Project("{FAE04EC0-301F-11D3-BF4B-00C04F79EFBC}") = "PrinterErrors", "PrinterErrors\PrinterErrors.csproj", "{AEB0A8DD-BC37-496B-9F9C-8E0AEF2C736A}"
EndProject
Project("{FAE04EC0-301F-11D3-BF4B-00C04F79EFBC}") = "PrinterErrorsTest", "PrinterErrorsTest\PrinterErrorsTest.csproj", "{E21FCBF4-6AF3-452E-8557-58ABC6051490}"
EndProject
Global
	GlobalSection(SolutionConfigurationPlatforms) = preSolution
		Debug|Any CPU = Debug|Any CPU
		Release|Any CPU = Release|Any CPU
	EndGlobalSection
	GlobalSection(ProjectConfigurationPlatforms) = postSolution
		{AEB0A8DD-BC37-496B-9F9C-8E0AEF2C736A}.Debug|Any CPU.ActiveCfg = Debug|Any CPU
		{AEB0A8DD-BC37-496B-9F9C-8E0AEF2C736A}.Debug|Any CPU.Build.0 = Debug|Any CPU
		{AEB0A8DD-BC37-496B-9F9C-8E0AEF2C736A}.Release|Any CPU.ActiveCfg = Release|Any CPU
		{AEB0A8DD-BC37-496B-9F9C-8E0AEF2C736A}.Release|Any CPU.Build.0 = Release|Any CPU
		{E21FCBF4-6AF3-452E-8557-58ABC6051490}.Debug|Any CPU.ActiveCfg = Debug|Any CPU
		{E21FCBF4-6AF3-452E-8557-58ABC6051490}.Debug|Any CPU.Build.0 = Debug|Any CPU
		{E21FCBF4-6AF3-452E-8557-58ABC6051490}.Release|Any CPU.ActiveCfg = Release|Any CPU
		{E21FCBF4-6AF3-452E-8557-58ABC6051490}.Release|Any CPU.Build.0 = Release|Any CPU
	EndGlobalSection
	GlobalSection(SolutionProperties) = preSolution
		HideSolutionNode = FALSE
	EndGlobalSection
	GlobalSection(ExtensibilityGlobals) = postSolution
		SolutionGuid = {2AEC2F5A-916E-45E4-B3F0-6B5026274719}
	EndGlobalSection
EndGlobal
