
Microsoft Visual Studio Solution File, Format Version 12.00
# Visual Studio Version 16
VisualStudioVersion = 16.0.29418.71
MinimumVisualStudioVersion = 10.0.40219.1
Project("{FAE04EC0-301F-11D3-BF4B-00C04F79EFBC}") = "DetectPangram", "DetectPangram\DetectPangram.csproj", "{E8319374-3F29-41CB-B90E-B7B126AAFF62}"
EndProject
Project("{FAE04EC0-301F-11D3-BF4B-00C04F79EFBC}") = "DetectPangramTest", "DetectPangramTest\DetectPangramTest.csproj", "{607E2A6C-D649-4351-8A72-FA0A48928363}"
EndProject
Global
	GlobalSection(SolutionConfigurationPlatforms) = preSolution
		Debug|Any CPU = Debug|Any CPU
		Release|Any CPU = Release|Any CPU
	EndGlobalSection
	GlobalSection(ProjectConfigurationPlatforms) = postSolution
		{E8319374-3F29-41CB-B90E-B7B126AAFF62}.Debug|Any CPU.ActiveCfg = Debug|Any CPU
		{E8319374-3F29-41CB-B90E-B7B126AAFF62}.Debug|Any CPU.Build.0 = Debug|Any CPU
		{E8319374-3F29-41CB-B90E-B7B126AAFF62}.Release|Any CPU.ActiveCfg = Release|Any CPU
		{E8319374-3F29-41CB-B90E-B7B126AAFF62}.Release|Any CPU.Build.0 = Release|Any CPU
		{607E2A6C-D649-4351-8A72-FA0A48928363}.Debug|Any CPU.ActiveCfg = Debug|Any CPU
		{607E2A6C-D649-4351-8A72-FA0A48928363}.Debug|Any CPU.Build.0 = Debug|Any CPU
		{607E2A6C-D649-4351-8A72-FA0A48928363}.Release|Any CPU.ActiveCfg = Release|Any CPU
		{607E2A6C-D649-4351-8A72-FA0A48928363}.Release|Any CPU.Build.0 = Release|Any CPU
	EndGlobalSection
	GlobalSection(SolutionProperties) = preSolution
		HideSolutionNode = FALSE
	EndGlobalSection
	GlobalSection(ExtensibilityGlobals) = postSolution
		SolutionGuid = {E56F23B8-937E-41D4-A3EC-BE4AB03B8FB4}
	EndGlobalSection
EndGlobal
