
Microsoft Visual Studio Solution File, Format Version 12.00
# Visual Studio Version 16
VisualStudioVersion = 16.0.30225.117
MinimumVisualStudioVersion = 10.0.40219.1
Project("{9A19103F-16F7-4668-BE54-9A1E7A4F7556}") = "ReverseRotate", "ReverseRotate\ReverseRotate.csproj", "{FF1A3AB2-4F26-406A-BE16-48C30E076B4B}"
EndProject
Project("{FAE04EC0-301F-11D3-BF4B-00C04F79EFBC}") = "ReverseRotateTests", "ReverseRotateTests\ReverseRotateTests.csproj", "{B056248A-7534-42FD-A835-051A54C89092}"
EndProject
Global
	GlobalSection(SolutionConfigurationPlatforms) = preSolution
		Debug|Any CPU = Debug|Any CPU
		Release|Any CPU = Release|Any CPU
	EndGlobalSection
	GlobalSection(ProjectConfigurationPlatforms) = postSolution
		{FF1A3AB2-4F26-406A-BE16-48C30E076B4B}.Debug|Any CPU.ActiveCfg = Debug|Any CPU
		{FF1A3AB2-4F26-406A-BE16-48C30E076B4B}.Debug|Any CPU.Build.0 = Debug|Any CPU
		{FF1A3AB2-4F26-406A-BE16-48C30E076B4B}.Release|Any CPU.ActiveCfg = Release|Any CPU
		{FF1A3AB2-4F26-406A-BE16-48C30E076B4B}.Release|Any CPU.Build.0 = Release|Any CPU
		{B056248A-7534-42FD-A835-051A54C89092}.Debug|Any CPU.ActiveCfg = Debug|Any CPU
		{B056248A-7534-42FD-A835-051A54C89092}.Debug|Any CPU.Build.0 = Debug|Any CPU
		{B056248A-7534-42FD-A835-051A54C89092}.Release|Any CPU.ActiveCfg = Release|Any CPU
		{B056248A-7534-42FD-A835-051A54C89092}.Release|Any CPU.Build.0 = Release|Any CPU
	EndGlobalSection
	GlobalSection(SolutionProperties) = preSolution
		HideSolutionNode = FALSE
	EndGlobalSection
	GlobalSection(ExtensibilityGlobals) = postSolution
		SolutionGuid = {46F63F76-7A56-4BA7-B75C-524BB2EEC123}
	EndGlobalSection
EndGlobal
